// !$*UTF8*$!
{
	archiveVersion = 1;
	classes = {
	};
	objectVersion = 56;
	objects = {

/* Begin PBXBuildFile section */
		B9A1C0072B6F45FF00729BDC /* AppDelegate.swift in Sources */ = {isa = PBXBuildFile; fileRef = B9A1C0062B6F45FF00729BDC /* AppDelegate.swift */; };
		B9A1C0092B6F45FF00729BDC /* SceneDelegate.swift in Sources */ = {isa = PBXBuildFile; fileRef = B9A1C0082B6F45FF00729BDC /* SceneDelegate.swift */; };
		B9A1C00B2B6F45FF00729BDC /* ViewController.swift in Sources */ = {isa = PBXBuildFile; fileRef = B9A1C00A2B6F45FF00729BDC /* ViewController.swift */; };
		B9A1C00E2B6F45FF00729BDC /* Main.storyboard in Resources */ = {isa = PBXBuildFile; fileRef = B9A1C00C2B6F45FF00729BDC /* Main.storyboard */; };
		B9A1C0102B6F460200729BDC /* Assets.xcassets in Resources */ = {isa = PBXBuildFile; fileRef = B9A1C00F2B6F460200729BDC /* Assets.xcassets */; };
		B9A1C0132B6F460200729BDC /* LaunchScreen.storyboard in Resources */ = {isa = PBXBuildFile; fileRef = B9A1C0112B6F460200729BDC /* LaunchScreen.storyboard */; };
		B9A1C01E2B6F460200729BDC /* CounterTests.swift in Sources */ = {isa = PBXBuildFile; fileRef = B9A1C01D2B6F460200729BDC /* CounterTests.swift */; };
		B9A1C0282B6F460200729BDC /* CounterUITests.swift in Sources */ = {isa = PBXBuildFile; fileRef = B9A1C0272B6F460200729BDC /* CounterUITests.swift */; };
		B9A1C02A2B6F460200729BDC /* CounterUITestsLaunchTests.swift in Sources */ = {isa = PBXBuildFile; fileRef = B9A1C0292B6F460200729BDC /* CounterUITestsLaunchTests.swift */; };
/* End PBXBuildFile section */

/* Begin PBXContainerItemProxy section */
		B9A1C01A2B6F460200729BDC /* PBXContainerItemProxy */ = {
			isa = PBXContainerItemProxy;
			containerPortal = B9A1BFFB2B6F45FF00729BDC /* Project object */;
			proxyType = 1;
			remoteGlobalIDString = B9A1C0022B6F45FF00729BDC;
			remoteInfo = Counter;
		};
		B9A1C0242B6F460200729BDC /* PBXContainerItemProxy */ = {
			isa = PBXContainerItemProxy;
			containerPortal = B9A1BFFB2B6F45FF00729BDC /* Project object */;
			proxyType = 1;
			remoteGlobalIDString = B9A1C0022B6F45FF00729BDC;
			remoteInfo = Counter;
		};
/* End PBXContainerItemProxy section */

/* Begin PBXFileReference section */
		B9A1C0032B6F45FF00729BDC /* Counter.app */ = {isa = PBXFileReference; explicitFileType = wrapper.application; includeInIndex = 0; path = Counter.app; sourceTree = BUILT_PRODUCTS_DIR; };
		B9A1C0062B6F45FF00729BDC /* AppDelegate.swift */ = {isa = PBXFileReference; lastKnownFileType = sourcecode.swift; path = AppDelegate.swift; sourceTree = "<group>"; };
		B9A1C0082B6F45FF00729BDC /* SceneDelegate.swift */ = {isa = PBXFileReference; lastKnownFileType = sourcecode.swift; path = SceneDelegate.swift; sourceTree = "<group>"; };
		B9A1C00A2B6F45FF00729BDC /* ViewController.swift */ = {isa = PBXFileReference; lastKnownFileType = sourcecode.swift; path = ViewController.swift; sourceTree = "<group>"; };
		B9A1C00D2B6F45FF00729BDC /* Base */ = {isa = PBXFileReference; lastKnownFileType = file.storyboard; name = Base; path = Base.lproj/Main.storyboard; sourceTree = "<group>"; };
		B9A1C00F2B6F460200729BDC /* Assets.xcassets */ = {isa = PBXFileReference; lastKnownFileType = folder.assetcatalog; path = Assets.xcassets; sourceTree = "<group>"; };
		B9A1C0122B6F460200729BDC /* Base */ = {isa = PBXFileReference; lastKnownFileType = file.storyboard; name = Base; path = Base.lproj/LaunchScreen.storyboard; sourceTree = "<group>"; };
		B9A1C0142B6F460200729BDC /* Info.plist */ = {isa = PBXFileReference; lastKnownFileType = text.plist.xml; path = Info.plist; sourceTree = "<group>"; };
		B9A1C0192B6F460200729BDC /* CounterTests.xctest */ = {isa = PBXFileReference; explicitFileType = wrapper.cfbundle; includeInIndex = 0; path = CounterTests.xctest; sourceTree = BUILT_PRODUCTS_DIR; };
		B9A1C01D2B6F460200729BDC /* CounterTests.swift */ = {isa = PBXFileReference; lastKnownFileType = sourcecode.swift; path = CounterTests.swift; sourceTree = "<group>"; };
		B9A1C0232B6F460200729BDC /* CounterUITests.xctest */ = {isa = PBXFileReference; explicitFileType = wrapper.cfbundle; includeInIndex = 0; path = CounterUITests.xctest; sourceTree = BUILT_PRODUCTS_DIR; };
		B9A1C0272B6F460200729BDC /* CounterUITests.swift */ = {isa = PBXFileReference; lastKnownFileType = sourcecode.swift; path = CounterUITests.swift; sourceTree = "<group>"; };
		B9A1C0292B6F460200729BDC /* CounterUITestsLaunchTests.swift */ = {isa = PBXFileReference; lastKnownFileType = sourcecode.swift; path = CounterUITestsLaunchTests.swift; sourceTree = "<group>"; };
/* End PBXFileReference section */

/* Begin PBXFrameworksBuildPhase section */
		B9A1C0002B6F45FF00729BDC /* Frameworks */ = {
			isa = PBXFrameworksBuildPhase;
			buildActionMask = 2147483647;
			files = (
			);
			runOnlyForDeploymentPostprocessing = 0;
		};
		B9A1C0162B6F460200729BDC /* Frameworks */ = {
			isa = PBXFrameworksBuildPhase;
			buildActionMask = 2147483647;
			files = (
			);
			runOnlyForDeploymentPostprocessing = 0;
		};
		B9A1C0202B6F460200729BDC /* Frameworks */ = {
			isa = PBXFrameworksBuildPhase;
			buildActionMask = 2147483647;
			files = (
			);
			runOnlyForDeploymentPostprocessing = 0;
		};
/* End PBXFrameworksBuildPhase section */

/* Begin PBXGroup section */
		B9A1BFFA2B6F45FF00729BDC = {
			isa = PBXGroup;
			children = (
				B9A1C0052B6F45FF00729BDC /* Counter */,
				B9A1C01C2B6F460200729BDC /* CounterTests */,
				B9A1C0262B6F460200729BDC /* CounterUITests */,
				B9A1C0042B6F45FF00729BDC /* Products */,
			);
			sourceTree = "<group>";
		};
		B9A1C0042B6F45FF00729BDC /* Products */ = {
			isa = PBXGroup;
			children = (
				B9A1C0032B6F45FF00729BDC /* Counter.app */,
				B9A1C0192B6F460200729BDC /* CounterTests.xctest */,
				B9A1C0232B6F460200729BDC /* CounterUITests.xctest */,
			);
			name = Products;
			sourceTree = "<group>";
		};
		B9A1C0052B6F45FF00729BDC /* Counter */ = {
			isa = PBXGroup;
			children = (
				B9A1C0062B6F45FF00729BDC /* AppDelegate.swift */,
				B9A1C0082B6F45FF00729BDC /* SceneDelegate.swift */,
				B9A1C00A2B6F45FF00729BDC /* ViewController.swift */,
				B9A1C00C2B6F45FF00729BDC /* Main.storyboard */,
				B9A1C00F2B6F460200729BDC /* Assets.xcassets */,
				B9A1C0112B6F460200729BDC /* LaunchScreen.storyboard */,
				B9A1C0142B6F460200729BDC /* Info.plist */,
			);
			path = Counter;
			sourceTree = "<group>";
		};
		B9A1C01C2B6F460200729BDC /* CounterTests */ = {
			isa = PBXGroup;
			children = (
				B9A1C01D2B6F460200729BDC /* CounterTests.swift */,
			);
			path = CounterTests;
			sourceTree = "<group>";
		};
		B9A1C0262B6F460200729BDC /* CounterUITests */ = {
			isa = PBXGroup;
			children = (
				B9A1C0272B6F460200729BDC /* CounterUITests.swift */,
				B9A1C0292B6F460200729BDC /* CounterUITestsLaunchTests.swift */,
			);
			path = CounterUITests;
			sourceTree = "<group>";
		};
/* End PBXGroup section */

/* Begin PBXNativeTarget section */
		B9A1C0022B6F45FF00729BDC /* Counter */ = {
			isa = PBXNativeTarget;
			buildConfigurationList = B9A1C02D2B6F460200729BDC /* Build configuration list for PBXNativeTarget "Counter" */;
			buildPhases = (
				B9A1BFFF2B6F45FF00729BDC /* Sources */,
				B9A1C0002B6F45FF00729BDC /* Frameworks */,
				B9A1C0012B6F45FF00729BDC /* Resources */,
			);
			buildRules = (
			);
			dependencies = (
			);
			name = Counter;
			productName = Counter;
			productReference = B9A1C0032B6F45FF00729BDC /* Counter.app */;
			productType = "com.apple.product-type.application";
		};
		B9A1C0182B6F460200729BDC /* CounterTests */ = {
			isa = PBXNativeTarget;
			buildConfigurationList = B9A1C0302B6F460200729BDC /* Build configuration list for PBXNativeTarget "CounterTests" */;
			buildPhases = (
				B9A1C0152B6F460200729BDC /* Sources */,
				B9A1C0162B6F460200729BDC /* Frameworks */,
				B9A1C0172B6F460200729BDC /* Resources */,
			);
			buildRules = (
			);
			dependencies = (
				B9A1C01B2B6F460200729BDC /* PBXTargetDependency */,
			);
			name = CounterTests;
			productName = CounterTests;
			productReference = B9A1C0192B6F460200729BDC /* CounterTests.xctest */;
			productType = "com.apple.product-type.bundle.unit-test";
		};
		B9A1C0222B6F460200729BDC /* CounterUITests */ = {
			isa = PBXNativeTarget;
			buildConfigurationList = B9A1C0332B6F460200729BDC /* Build configuration list for PBXNativeTarget "CounterUITests" */;
			buildPhases = (
				B9A1C01F2B6F460200729BDC /* Sources */,
				B9A1C0202B6F460200729BDC /* Frameworks */,
				B9A1C0212B6F460200729BDC /* Resources */,
			);
			buildRules = (
			);
			dependencies = (
				B9A1C0252B6F460200729BDC /* PBXTargetDependency */,
			);
			name = CounterUITests;
			productName = CounterUITests;
			productReference = B9A1C0232B6F460200729BDC /* CounterUITests.xctest */;
			productType = "com.apple.product-type.bundle.ui-testing";
		};
/* End PBXNativeTarget section */

/* Begin PBXProject section */
		B9A1BFFB2B6F45FF00729BDC /* Project object */ = {
			isa = PBXProject;
			attributes = {
				BuildIndependentTargetsInParallel = 1;
				LastSwiftUpdateCheck = 1500;
				LastUpgradeCheck = 1500;
				TargetAttributes = {
					B9A1C0022B6F45FF00729BDC = {
						CreatedOnToolsVersion = 15.0.1;
					};
					B9A1C0182B6F460200729BDC = {
						CreatedOnToolsVersion = 15.0.1;
						TestTargetID = B9A1C0022B6F45FF00729BDC;
					};
					B9A1C0222B6F460200729BDC = {
						CreatedOnToolsVersion = 15.0.1;
						TestTargetID = B9A1C0022B6F45FF00729BDC;
					};
				};
			};
			buildConfigurationList = B9A1BFFE2B6F45FF00729BDC /* Build configuration list for PBXProject "Counter" */;
			compatibilityVersion = "Xcode 14.0";
			developmentRegion = en;
			hasScannedForEncodings = 0;
			knownRegions = (
				en,
				Base,
			);
			mainGroup = B9A1BFFA2B6F45FF00729BDC;
			productRefGroup = B9A1C0042B6F45FF00729BDC /* Products */;
			projectDirPath = "";
			projectRoot = "";
			targets = (
				B9A1C0022B6F45FF00729BDC /* Counter */,
				B9A1C0182B6F460200729BDC /* CounterTests */,
				B9A1C0222B6F460200729BDC /* CounterUITests */,
			);
		};
/* End PBXProject section */

/* Begin PBXResourcesBuildPhase section */
		B9A1C0012B6F45FF00729BDC /* Resources */ = {
			isa = PBXResourcesBuildPhase;
			buildActionMask = 2147483647;
			files = (
				B9A1C0132B6F460200729BDC /* LaunchScreen.storyboard in Resources */,
				B9A1C0102B6F460200729BDC /* Assets.xcassets in Resources */,
				B9A1C00E2B6F45FF00729BDC /* Main.storyboard in Resources */,
			);
			runOnlyForDeploymentPostprocessing = 0;
		};
		B9A1C0172B6F460200729BDC /* Resources */ = {
			isa = PBXResourcesBuildPhase;
			buildActionMask = 2147483647;
			files = (
			);
			runOnlyForDeploymentPostprocessing = 0;
		};
		B9A1C0212B6F460200729BDC /* Resources */ = {
			isa = PBXResourcesBuildPhase;
			buildActionMask = 2147483647;
			files = (
			);
			runOnlyForDeploymentPostprocessing = 0;
		};
/* End PBXResourcesBuildPhase section */

/* Begin PBXSourcesBuildPhase section */
		B9A1BFFF2B6F45FF00729BDC /* Sources */ = {
			isa = PBXSourcesBuildPhase;
			buildActionMask = 2147483647;
			files = (
				B9A1C00B2B6F45FF00729BDC /* ViewController.swift in Sources */,
				B9A1C0072B6F45FF00729BDC /* AppDelegate.swift in Sources */,
				B9A1C0092B6F45FF00729BDC /* SceneDelegate.swift in Sources */,
			);
			runOnlyForDeploymentPostprocessing = 0;
		};
		B9A1C0152B6F460200729BDC /* Sources */ = {
			isa = PBXSourcesBuildPhase;
			buildActionMask = 2147483647;
			files = (
				B9A1C01E2B6F460200729BDC /* CounterTests.swift in Sources */,
			);
			runOnlyForDeploymentPostprocessing = 0;
		};
		B9A1C01F2B6F460200729BDC /* Sources */ = {
			isa = PBXSourcesBuildPhase;
			buildActionMask = 2147483647;
			files = (
				B9A1C0282B6F460200729BDC /* CounterUITests.swift in Sources */,
				B9A1C02A2B6F460200729BDC /* CounterUITestsLaunchTests.swift in Sources */,
			);
			runOnlyForDeploymentPostprocessing = 0;
		};
/* End PBXSourcesBuildPhase section */

/* Begin PBXTargetDependency section */
		B9A1C01B2B6F460200729BDC /* PBXTargetDependency */ = {
			isa = PBXTargetDependency;
			target = B9A1C0022B6F45FF00729BDC /* Counter */;
			targetProxy = B9A1C01A2B6F460200729BDC /* PBXContainerItemProxy */;
		};
		B9A1C0252B6F460200729BDC /* PBXTargetDependency */ = {
			isa = PBXTargetDependency;
			target = B9A1C0022B6F45FF00729BDC /* Counter */;
			targetProxy = B9A1C0242B6F460200729BDC /* PBXContainerItemProxy */;
		};
/* End PBXTargetDependency section */

/* Begin PBXVariantGroup section */
		B9A1C00C2B6F45FF00729BDC /* Main.storyboard */ = {
			isa = PBXVariantGroup;
			children = (
				B9A1C00D2B6F45FF00729BDC /* Base */,
			);
			name = Main.storyboard;
			sourceTree = "<group>";
		};
		B9A1C0112B6F460200729BDC /* LaunchScreen.storyboard */ = {
			isa = PBXVariantGroup;
			children = (
				B9A1C0122B6F460200729BDC /* Base */,
			);
			name = LaunchScreen.storyboard;
			sourceTree = "<group>";
		};
/* End PBXVariantGroup section */

/* Begin XCBuildConfiguration section */
		B9A1C02B2B6F460200729BDC /* Debug */ = {
			isa = XCBuildConfiguration;
			buildSettings = {
				ALWAYS_SEARCH_USER_PATHS = NO;
				ASSETCATALOG_COMPILER_GENERATE_SWIFT_ASSET_SYMBOL_EXTENSIONS = YES;
				CLANG_ANALYZER_NONNULL = YES;
				CLANG_ANALYZER_NUMBER_OBJECT_CONVERSION = YES_AGGRESSIVE;
				CLANG_CXX_LANGUAGE_STANDARD = "gnu++20";
				CLANG_ENABLE_MODULES = YES;
				CLANG_ENABLE_OBJC_ARC = YES;
				CLANG_ENABLE_OBJC_WEAK = YES;
				CLANG_WARN_BLOCK_CAPTURE_AUTORELEASING = YES;
				CLANG_WARN_BOOL_CONVERSION = YES;
				CLANG_WARN_COMMA = YES;
				CLANG_WARN_CONSTANT_CONVERSION = YES;
				CLANG_WARN_DEPRECATED_OBJC_IMPLEMENTATIONS = YES;
				CLANG_WARN_DIRECT_OBJC_ISA_USAGE = YES_ERROR;
				CLANG_WARN_DOCUMENTATION_COMMENTS = YES;
				CLANG_WARN_EMPTY_BODY = YES;
				CLANG_WARN_ENUM_CONVERSION = YES;
				CLANG_WARN_INFINITE_RECURSION = YES;
				CLANG_WARN_INT_CONVERSION = YES;
				CLANG_WARN_NON_LITERAL_NULL_CONVERSION = YES;
				CLANG_WARN_OBJC_IMPLICIT_RETAIN_SELF = YES;
				CLANG_WARN_OBJC_LITERAL_CONVERSION = YES;
				CLANG_WARN_OBJC_ROOT_CLASS = YES_ERROR;
				CLANG_WARN_QUOTED_INCLUDE_IN_FRAMEWORK_HEADER = YES;
				CLANG_WARN_RANGE_LOOP_ANALYSIS = YES;
				CLANG_WARN_STRICT_PROTOTYPES = YES;
				CLANG_WARN_SUSPICIOUS_MOVE = YES;
				CLANG_WARN_UNGUARDED_AVAILABILITY = YES_AGGRESSIVE;
				CLANG_WARN_UNREACHABLE_CODE = YES;
				CLANG_WARN__DUPLICATE_METHOD_MATCH = YES;
				COPY_PHASE_STRIP = NO;
				DEBUG_INFORMATION_FORMAT = dwarf;
				ENABLE_STRICT_OBJC_MSGSEND = YES;
				ENABLE_TESTABILITY = YES;
				ENABLE_USER_SCRIPT_SANDBOXING = YES;
				GCC_C_LANGUAGE_STANDARD = gnu17;
				GCC_DYNAMIC_NO_PIC = NO;
				GCC_NO_COMMON_BLOCKS = YES;
				GCC_OPTIMIZATION_LEVEL = 0;
				GCC_PREPROCESSOR_DEFINITIONS = (
					"DEBUG=1",
					"$(inherited)",
				);
				GCC_WARN_64_TO_32_BIT_CONVERSION = YES;
				GCC_WARN_ABOUT_RETURN_TYPE = YES_ERROR;
				GCC_WARN_UNDECLARED_SELECTOR = YES;
				GCC_WARN_UNINITIALIZED_AUTOS = YES_AGGRESSIVE;
				GCC_WARN_UNUSED_FUNCTION = YES;
				GCC_WARN_UNUSED_VARIABLE = YES;
				IPHONEOS_DEPLOYMENT_TARGET = 17.0;
				LOCALIZATION_PREFERS_STRING_CATALOGS = YES;
				MTL_ENABLE_DEBUG_INFO = INCLUDE_SOURCE;
				MTL_FAST_MATH = YES;
				ONLY_ACTIVE_ARCH = YES;
				SDKROOT = iphoneos;
				SWIFT_ACTIVE_COMPILATION_CONDITIONS = "DEBUG $(inherited)";
				SWIFT_OPTIMIZATION_LEVEL = "-Onone";
			};
			name = Debug;
		};
		B9A1C02C2B6F460200729BDC /* Release */ = {
			isa = XCBuildConfiguration;
			buildSettings = {
				ALWAYS_SEARCH_USER_PATHS = NO;
				ASSETCATALOG_COMPILER_GENERATE_SWIFT_ASSET_SYMBOL_EXTENSIONS = YES;
				CLANG_ANALYZER_NONNULL = YES;
				CLANG_ANALYZER_NUMBER_OBJECT_CONVERSION = YES_AGGRESSIVE;
				CLANG_CXX_LANGUAGE_STANDARD = "gnu++20";
				CLANG_ENABLE_MODULES = YES;
				CLANG_ENABLE_OBJC_ARC = YES;
				CLANG_ENABLE_OBJC_WEAK = YES;
				CLANG_WARN_BLOCK_CAPTURE_AUTORELEASING = YES;
				CLANG_WARN_BOOL_CONVERSION = YES;
				CLANG_WARN_COMMA = YES;
				CLANG_WARN_CONSTANT_CONVERSION = YES;
				CLANG_WARN_DEPRECATED_OBJC_IMPLEMENTATIONS = YES;
				CLANG_WARN_DIRECT_OBJC_ISA_USAGE = YES_ERROR;
				CLANG_WARN_DOCUMENTATION_COMMENTS = YES;
				CLANG_WARN_EMPTY_BODY = YES;
				CLANG_WARN_ENUM_CONVERSION = YES;
				CLANG_WARN_INFINITE_RECURSION = YES;
				CLANG_WARN_INT_CONVERSION = YES;
				CLANG_WARN_NON_LITERAL_NULL_CONVERSION = YES;
				CLANG_WARN_OBJC_IMPLICIT_RETAIN_SELF = YES;
				CLANG_WARN_OBJC_LITERAL_CONVERSION = YES;
				CLANG_WARN_OBJC_ROOT_CLASS = YES_ERROR;
				CLANG_WARN_QUOTED_INCLUDE_IN_FRAMEWORK_HEADER = YES;
				CLANG_WARN_RANGE_LOOP_ANALYSIS = YES;
				CLANG_WARN_STRICT_PROTOTYPES = YES;
				CLANG_WARN_SUSPICIOUS_MOVE = YES;
				CLANG_WARN_UNGUARDED_AVAILABILITY = YES_AGGRESSIVE;
				CLANG_WARN_UNREACHABLE_CODE = YES;
				CLANG_WARN__DUPLICATE_METHOD_MATCH = YES;
				COPY_PHASE_STRIP = NO;
				DEBUG_INFORMATION_FORMAT = "dwarf-with-dsym";
				ENABLE_NS_ASSERTIONS = NO;
				ENABLE_STRICT_OBJC_MSGSEND = YES;
				ENABLE_USER_SCRIPT_SANDBOXING = YES;
				GCC_C_LANGUAGE_STANDARD = gnu17;
				GCC_NO_COMMON_BLOCKS = YES;
				GCC_WARN_64_TO_32_BIT_CONVERSION = YES;
				GCC_WARN_ABOUT_RETURN_TYPE = YES_ERROR;
				GCC_WARN_UNDECLARED_SELECTOR = YES;
				GCC_WARN_UNINITIALIZED_AUTOS = YES_AGGRESSIVE;
				GCC_WARN_UNUSED_FUNCTION = YES;
				GCC_WARN_UNUSED_VARIABLE = YES;
				IPHONEOS_DEPLOYMENT_TARGET = 17.0;
				LOCALIZATION_PREFERS_STRING_CATALOGS = YES;
				MTL_ENABLE_DEBUG_INFO = NO;
				MTL_FAST_MATH = YES;
				SDKROOT = iphoneos;
				SWIFT_COMPILATION_MODE = wholemodule;
				VALIDATE_PRODUCT = YES;
			};
			name = Release;
		};
		B9A1C02E2B6F460200729BDC /* Debug */ = {
			isa = XCBuildConfiguration;
			buildSettings = {
				ASSETCATALOG_COMPILER_APPICON_NAME = AppIcon;
				ASSETCATALOG_COMPILER_GLOBAL_ACCENT_COLOR_NAME = AccentColor;
				CODE_SIGN_STYLE = Automatic;
				CURRENT_PROJECT_VERSION = 1;
				GENERATE_INFOPLIST_FILE = YES;
				INFOPLIST_FILE = Counter/Info.plist;
				INFOPLIST_KEY_UIApplicationSupportsIndirectInputEvents = YES;
				INFOPLIST_KEY_UILaunchStoryboardName = LaunchScreen;
				INFOPLIST_KEY_UIMainStoryboardFile = Main;
				INFOPLIST_KEY_UISupportedInterfaceOrientations_iPad = "UIInterfaceOrientationPortrait UIInterfaceOrientationPortraitUpsideDown UIInterfaceOrientationLandscapeLeft UIInterfaceOrientationLandscapeRight";
				INFOPLIST_KEY_UISupportedInterfaceOrientations_iPhone = "UIInterfaceOrientationPortrait UIInterfaceOrientationLandscapeLeft UIInterfaceOrientationLandscapeRight";
				LD_RUNPATH_SEARCH_PATHS = (
					"$(inherited)",
					"@executable_path/Frameworks",
				);
				MARKETING_VERSION = 1.0;
				PRODUCT_BUNDLE_IDENTIFIER = test.Counter;
				PRODUCT_NAME = "$(TARGET_NAME)";
				SWIFT_EMIT_LOC_STRINGS = YES;
				SWIFT_VERSION = 5.0;
				TARGETED_DEVICE_FAMILY = "1,2";
			};
			name = Debug;
		};
		B9A1C02F2B6F460200729BDC /* Release */ = {
			isa = XCBuildConfiguration;
			buildSettings = {
				ASSETCATALOG_COMPILER_APPICON_NAME = AppIcon;
				ASSETCATALOG_COMPILER_GLOBAL_ACCENT_COLOR_NAME = AccentColor;
				CODE_SIGN_STYLE = Automatic;
				CURRENT_PROJECT_VERSION = 1;
				GENERATE_INFOPLIST_FILE = YES;
				INFOPLIST_FILE = Counter/Info.plist;
				INFOPLIST_KEY_UIApplicationSupportsIndirectInputEvents = YES;
				INFOPLIST_KEY_UILaunchStoryboardName = LaunchScreen;
				INFOPLIST_KEY_UIMainStoryboardFile = Main;
				INFOPLIST_KEY_UISupportedInterfaceOrientations_iPad = "UIInterfaceOrientationPortrait UIInterfaceOrientationPortraitUpsideDown UIInterfaceOrientationLandscapeLeft UIInterfaceOrientationLandscapeRight";
				INFOPLIST_KEY_UISupportedInterfaceOrientations_iPhone = "UIInterfaceOrientationPortrait UIInterfaceOrientationLandscapeLeft UIInterfaceOrientationLandscapeRight";
				LD_RUNPATH_SEARCH_PATHS = (
					"$(inherited)",
					"@executable_path/Frameworks",
				);
				MARKETING_VERSION = 1.0;
				PRODUCT_BUNDLE_IDENTIFIER = test.Counter;
				PRODUCT_NAME = "$(TARGET_NAME)";
				SWIFT_EMIT_LOC_STRINGS = YES;
				SWIFT_VERSION = 5.0;
				TARGETED_DEVICE_FAMILY = "1,2";
			};
			name = Release;
		};
		B9A1C0312B6F460200729BDC /* Debug */ = {
			isa = XCBuildConfiguration;
			buildSettings = {
				ALWAYS_EMBED_SWIFT_STANDARD_LIBRARIES = YES;
				BUNDLE_LOADER = "$(TEST_HOST)";
				CODE_SIGN_STYLE = Automatic;
				CURRENT_PROJECT_VERSION = 1;
				GENERATE_INFOPLIST_FILE = YES;
				IPHONEOS_DEPLOYMENT_TARGET = 17.0;
				MARKETING_VERSION = 1.0;
				PRODUCT_BUNDLE_IDENTIFIER = test.CounterTests;
				PRODUCT_NAME = "$(TARGET_NAME)";
				SWIFT_EMIT_LOC_STRINGS = NO;
				SWIFT_VERSION = 5.0;
				TARGETED_DEVICE_FAMILY = "1,2";
				TEST_HOST = "$(BUILT_PRODUCTS_DIR)/Counter.app/$(BUNDLE_EXECUTABLE_FOLDER_PATH)/Counter";
			};
			name = Debug;
		};
		B9A1C0322B6F460200729BDC /* Release */ = {
			isa = XCBuildConfiguration;
			buildSettings = {
				ALWAYS_EMBED_SWIFT_STANDARD_LIBRARIES = YES;
				BUNDLE_LOADER = "$(TEST_HOST)";
				CODE_SIGN_STYLE = Automatic;
				CURRENT_PROJECT_VERSION = 1;
				GENERATE_INFOPLIST_FILE = YES;
				IPHONEOS_DEPLOYMENT_TARGET = 17.0;
				MARKETING_VERSION = 1.0;
				PRODUCT_BUNDLE_IDENTIFIER = test.CounterTests;
				PRODUCT_NAME = "$(TARGET_NAME)";
				SWIFT_EMIT_LOC_STRINGS = NO;
				SWIFT_VERSION = 5.0;
				TARGETED_DEVICE_FAMILY = "1,2";
				TEST_HOST = "$(BUILT_PRODUCTS_DIR)/Counter.app/$(BUNDLE_EXECUTABLE_FOLDER_PATH)/Counter";
			};
			name = Release;
		};
		B9A1C0342B6F460200729BDC /* Debug */ = {
			isa = XCBuildConfiguration;
			buildSettings = {
				ALWAYS_EMBED_SWIFT_STANDARD_LIBRARIES = YES;
				CODE_SIGN_STYLE = Automatic;
				CURRENT_PROJECT_VERSION = 1;
				GENERATE_INFOPLIST_FILE = YES;
				MARKETING_VERSION = 1.0;
				PRODUCT_BUNDLE_IDENTIFIER = test.CounterUITests;
				PRODUCT_NAME = "$(TARGET_NAME)";
				SWIFT_EMIT_LOC_STRINGS = NO;
				SWIFT_VERSION = 5.0;
				TARGETED_DEVICE_FAMILY = "1,2";
				TEST_TARGET_NAME = Counter;
			};
			name = Debug;
		};
		B9A1C0352B6F460200729BDC /* Release */ = {
			isa = XCBuildConfiguration;
			buildSettings = {
				ALWAYS_EMBED_SWIFT_STANDARD_LIBRARIES = YES;
				CODE_SIGN_STYLE = Automatic;
				CURRENT_PROJECT_VERSION = 1;
				GENERATE_INFOPLIST_FILE = YES;
				MARKETING_VERSION = 1.0;
				PRODUCT_BUNDLE_IDENTIFIER = test.CounterUITests;
				PRODUCT_NAME = "$(TARGET_NAME)";
				SWIFT_EMIT_LOC_STRINGS = NO;
				SWIFT_VERSION = 5.0;
				TARGETED_DEVICE_FAMILY = "1,2";
				TEST_TARGET_NAME = Counter;
			};
			name = Release;
		};
/* End XCBuildConfiguration section */

/* Begin XCConfigurationList section */
		B9A1BFFE2B6F45FF00729BDC /* Build configuration list for PBXProject "Counter" */ = {
			isa = XCConfigurationList;
			buildConfigurations = (
				B9A1C02B2B6F460200729BDC /* Debug */,
				B9A1C02C2B6F460200729BDC /* Release */,
			);
			defaultConfigurationIsVisible = 0;
			defaultConfigurationName = Release;
		};
		B9A1C02D2B6F460200729BDC /* Build configuration list for PBXNativeTarget "Counter" */ = {
			isa = XCConfigurationList;
			buildConfigurations = (
				B9A1C02E2B6F460200729BDC /* Debug */,
				B9A1C02F2B6F460200729BDC /* Release */,
			);
			defaultConfigurationIsVisible = 0;
			defaultConfigurationName = Release;
		};
		B9A1C0302B6F460200729BDC /* Build configuration list for PBXNativeTarget "CounterTests" */ = {
			isa = XCConfigurationList;
			buildConfigurations = (
				B9A1C0312B6F460200729BDC /* Debug */,
				B9A1C0322B6F460200729BDC /* Release */,
			);
			defaultConfigurationIsVisible = 0;
			defaultConfigurationName = Release;
		};
		B9A1C0332B6F460200729BDC /* Build configuration list for PBXNativeTarget "CounterUITests" */ = {
			isa = XCConfigurationList;
			buildConfigurations = (
				B9A1C0342B6F460200729BDC /* Debug */,
				B9A1C0352B6F460200729BDC /* Release */,
			);
			defaultConfigurationIsVisible = 0;
			defaultConfigurationName = Release;
		};
/* End XCConfigurationList section */
	};
	rootObject = B9A1BFFB2B6F45FF00729BDC /* Project object */;
}
